{
    "name": "testopscenter-cypress",
    "version": "1.0.5",
    "lockfileVersion": 3,
    "requires": true,
    "packages": {
        "": {
            "name": "testopscenter-cypress",
            "version": "1.0.5",
            "license": "MIT",
            "dependencies": {
                "testopscenter-cypress": "file:"
            }
        },
        "node_modules/testopscenter-cypress": {
            "resolved": "",
            "link": true
        }
    }
}
